
Microsoft Visual Studio Solution File, Format Version 12.00
# Visual Studio Version 16
VisualStudioVersion = 16.0.30011.22
MinimumVisualStudioVersion = 10.0.40219.1
Project("{FAE04EC0-301F-11D3-BF4B-00C04F79EFBC}") = "Client", "ClinkClinkGo\Client.csproj", "{0CC09215-C48E-4450-A820-0414C405E92B}"
EndProject
Global
	GlobalSection(SolutionConfigurationPlatforms) = preSolution
		Debug|Any CPU = Debug|Any CPU
		Release|Any CPU = Release|Any CPU
	EndGlobalSection
	GlobalSection(ProjectConfigurationPlatforms) = postSolution
		{0CC09215-C48E-4450-A820-0414C405E92B}.Debug|Any CPU.ActiveCfg = Debug|Any CPU
		{0CC09215-C48E-4450-A820-0414C405E92B}.Debug|Any CPU.Build.0 = Debug|Any CPU
		{0CC09215-C48E-4450-A820-0414C405E92B}.Release|Any CPU.ActiveCfg = Release|Any CPU
		{0CC09215-C48E-4450-A820-0414C405E92B}.Release|Any CPU.Build.0 = Release|Any CPU
	EndGlobalSection
	GlobalSection(SolutionProperties) = preSolution
		HideSolutionNode = FALSE
	EndGlobalSection
	GlobalSection(ExtensibilityGlobals) = postSolution
		SolutionGuid = {5A3611A8-93A5-4226-BE00-B89B268B3B0A}
	EndGlobalSection
EndGlobal
